dependencies:
- name: core
  repository: https://unikorn-cloud.github.io/core
  version: v0.1.49
- name: unikorn-identity
  repository: https://unikorn-cloud.github.io/identity
  version: v0.2.12
- name: unikorn-region
  repository: https://unikorn-cloud.github.io/region
  version: v0.1.12
- name: unikorn-kubernetes
  repository: https://unikorn-cloud.github.io/kubernetes
  version: v0.2.15
- name: unikorn-ui
  repository: https://unikorn-cloud.github.io/ui
  version: v0.2.4
digest: sha256:3a8c67fc6d16ab315b2eb4feb89e932e3b32e33739a9dac93290aa9729d59629
generated: "2024-06-17T15:02:47.323177441+01:00"
